
Microsoft Visual Studio Solution File, Format Version 12.00
# Visual Studio 15
VisualStudioVersion = 15.0.26430.6
MinimumVisualStudioVersion = 10.0.40219.1
Project("{FAE04EC0-301F-11D3-BF4B-00C04F79EFBC}") = "01.ClassBox", "01.ClassBox\01.ClassBox.csproj", "{E32E468A-724C-43A1-9A9E-510245786122}"
EndProject
Project("{FAE04EC0-301F-11D3-BF4B-00C04F79EFBC}") = "AnimalFarm", "AnimalFarm\AnimalFarm.csproj", "{AA644431-AD8D-4A4F-A9CD-12426A3BC50F}"
EndProject
Project("{FAE04EC0-301F-11D3-BF4B-00C04F79EFBC}") = "ShoppingSpree", "ShoppingSpree\ShoppingSpree.csproj", "{57E75392-1809-4B7F-AA6A-7D12D58657F7}"
EndProject
Global
	GlobalSection(SolutionConfigurationPlatforms) = preSolution
		Debug|Any CPU = Debug|Any CPU
		Release|Any CPU = Release|Any CPU
	EndGlobalSection
	GlobalSection(ProjectConfigurationPlatforms) = postSolution
		{E32E468A-724C-43A1-9A9E-510245786122}.Debug|Any CPU.ActiveCfg = Debug|Any CPU
		{E32E468A-724C-43A1-9A9E-510245786122}.Debug|Any CPU.Build.0 = Debug|Any CPU
		{E32E468A-724C-43A1-9A9E-510245786122}.Release|Any CPU.ActiveCfg = Release|Any CPU
		{E32E468A-724C-43A1-9A9E-510245786122}.Release|Any CPU.Build.0 = Release|Any CPU
		{AA644431-AD8D-4A4F-A9CD-12426A3BC50F}.Debug|Any CPU.ActiveCfg = Debug|Any CPU
		{AA644431-AD8D-4A4F-A9CD-12426A3BC50F}.Debug|Any CPU.Build.0 = Debug|Any CPU
		{AA644431-AD8D-4A4F-A9CD-12426A3BC50F}.Release|Any CPU.ActiveCfg = Release|Any CPU
		{AA644431-AD8D-4A4F-A9CD-12426A3BC50F}.Release|Any CPU.Build.0 = Release|Any CPU
		{57E75392-1809-4B7F-AA6A-7D12D58657F7}.Debug|Any CPU.ActiveCfg = Debug|Any CPU
		{57E75392-1809-4B7F-AA6A-7D12D58657F7}.Debug|Any CPU.Build.0 = Debug|Any CPU
		{57E75392-1809-4B7F-AA6A-7D12D58657F7}.Release|Any CPU.ActiveCfg = Release|Any CPU
		{57E75392-1809-4B7F-AA6A-7D12D58657F7}.Release|Any CPU.Build.0 = Release|Any CPU
	EndGlobalSection
	GlobalSection(SolutionProperties) = preSolution
		HideSolutionNode = FALSE
	EndGlobalSection
EndGlobal
