
Microsoft Visual Studio Solution File, Format Version 12.00
# Visual Studio 15
VisualStudioVersion = 15.0.26430.6
MinimumVisualStudioVersion = 10.0.40219.1
Project("{FAE04EC0-301F-11D3-BF4B-00C04F79EFBC}") = "Persons", "Persons\Persons.csproj", "{7F6E30CD-30A9-4EA8-AEEC-29773F466E60}"
EndProject
Project("{FAE04EC0-301F-11D3-BF4B-00C04F79EFBC}") = "SalaryIncrease", "SalaryIncrease\SalaryIncrease.csproj", "{48774236-AABF-4B4E-B56D-5B1585706163}"
EndProject
Global
	GlobalSection(SolutionConfigurationPlatforms) = preSolution
		Debug|Any CPU = Debug|Any CPU
		Release|Any CPU = Release|Any CPU
	EndGlobalSection
	GlobalSection(ProjectConfigurationPlatforms) = postSolution
		{7F6E30CD-30A9-4EA8-AEEC-29773F466E60}.Debug|Any CPU.ActiveCfg = Debug|Any CPU
		{7F6E30CD-30A9-4EA8-AEEC-29773F466E60}.Debug|Any CPU.Build.0 = Debug|Any CPU
		{7F6E30CD-30A9-4EA8-AEEC-29773F466E60}.Release|Any CPU.ActiveCfg = Release|Any CPU
		{7F6E30CD-30A9-4EA8-AEEC-29773F466E60}.Release|Any CPU.Build.0 = Release|Any CPU
		{48774236-AABF-4B4E-B56D-5B1585706163}.Debug|Any CPU.ActiveCfg = Debug|Any CPU
		{48774236-AABF-4B4E-B56D-5B1585706163}.Debug|Any CPU.Build.0 = Debug|Any CPU
		{48774236-AABF-4B4E-B56D-5B1585706163}.Release|Any CPU.ActiveCfg = Release|Any CPU
		{48774236-AABF-4B4E-B56D-5B1585706163}.Release|Any CPU.Build.0 = Release|Any CPU
	EndGlobalSection
	GlobalSection(SolutionProperties) = preSolution
		HideSolutionNode = FALSE
	EndGlobalSection
EndGlobal
