
Microsoft Visual Studio Solution File, Format Version 12.00
# Visual Studio 15
VisualStudioVersion = 15.0.26430.6
MinimumVisualStudioVersion = 10.0.40219.1
Project("{FAE04EC0-301F-11D3-BF4B-00C04F79EFBC}") = "MathOperations", "MathOperations\MathOperations.csproj", "{78C4B560-D1A9-4446-8D0A-8BD94D33CCCE}"
EndProject
Project("{FAE04EC0-301F-11D3-BF4B-00C04F79EFBC}") = "Animals", "Animals\Animals.csproj", "{BFE6D945-79FE-4AFA-8951-5B2E687E5035}"
EndProject
Project("{FAE04EC0-301F-11D3-BF4B-00C04F79EFBC}") = "Shapes", "Shapes\Shapes.csproj", "{F2CD9FC2-8920-47F0-9E90-A38D28F2F34D}"
EndProject
Global
	GlobalSection(SolutionConfigurationPlatforms) = preSolution
		Debug|Any CPU = Debug|Any CPU
		Release|Any CPU = Release|Any CPU
	EndGlobalSection
	GlobalSection(ProjectConfigurationPlatforms) = postSolution
		{78C4B560-D1A9-4446-8D0A-8BD94D33CCCE}.Debug|Any CPU.ActiveCfg = Debug|Any CPU
		{78C4B560-D1A9-4446-8D0A-8BD94D33CCCE}.Debug|Any CPU.Build.0 = Debug|Any CPU
		{78C4B560-D1A9-4446-8D0A-8BD94D33CCCE}.Release|Any CPU.ActiveCfg = Release|Any CPU
		{78C4B560-D1A9-4446-8D0A-8BD94D33CCCE}.Release|Any CPU.Build.0 = Release|Any CPU
		{BFE6D945-79FE-4AFA-8951-5B2E687E5035}.Debug|Any CPU.ActiveCfg = Debug|Any CPU
		{BFE6D945-79FE-4AFA-8951-5B2E687E5035}.Debug|Any CPU.Build.0 = Debug|Any CPU
		{BFE6D945-79FE-4AFA-8951-5B2E687E5035}.Release|Any CPU.ActiveCfg = Release|Any CPU
		{BFE6D945-79FE-4AFA-8951-5B2E687E5035}.Release|Any CPU.Build.0 = Release|Any CPU
		{F2CD9FC2-8920-47F0-9E90-A38D28F2F34D}.Debug|Any CPU.ActiveCfg = Debug|Any CPU
		{F2CD9FC2-8920-47F0-9E90-A38D28F2F34D}.Debug|Any CPU.Build.0 = Debug|Any CPU
		{F2CD9FC2-8920-47F0-9E90-A38D28F2F34D}.Release|Any CPU.ActiveCfg = Release|Any CPU
		{F2CD9FC2-8920-47F0-9E90-A38D28F2F34D}.Release|Any CPU.Build.0 = Release|Any CPU
	EndGlobalSection
	GlobalSection(SolutionProperties) = preSolution
		HideSolutionNode = FALSE
	EndGlobalSection
EndGlobal
